// !$*UTF8*$!
{
	archiveVersion = 1;
	classes = {
	};
	objectVersion = 56;
	objects = {

/* Begin PBXBuildFile section */
		EAF94D152A31A87100A1B98A /* ChatGPTApp.swift in Sources */ = {isa = PBXBuildFile; fileRef = EAF94D142A31A87100A1B98A /* ChatGPTApp.swift */; };
		EAF94D172A31A87100A1B98A /* ContentView.swift in Sources */ = {isa = PBXBuildFile; fileRef = EAF94D162A31A87100A1B98A /* ContentView.swift */; };
		EAF94D192A31A87200A1B98A /* Assets.xcassets in Resources */ = {isa = PBXBuildFile; fileRef = EAF94D182A31A87200A1B98A /* Assets.xcassets */; };
		EAF94D1C2A31A87200A1B98A /* Preview Assets.xcassets in Resources */ = {isa = PBXBuildFile; fileRef = EAF94D1B2A31A87200A1B98A /* Preview Assets.xcassets */; };
		EAF94D252A31A8D100A1B98A /* Swiftchain in Frameworks */ = {isa = PBXBuildFile; productRef = EAF94D242A31A8D100A1B98A /* Swiftchain */; };
		EAF94D272A31A8D100A1B98A /* SwiftchainOpenAI in Frameworks */ = {isa = PBXBuildFile; productRef = EAF94D262A31A8D100A1B98A /* SwiftchainOpenAI */; };
		EAF94D2A2A31A92C00A1B98A /* ConfigStorage.swift in Sources */ = {isa = PBXBuildFile; fileRef = EAF94D292A31A92C00A1B98A /* ConfigStorage.swift */; };
		EAF94D2D2A31A98F00A1B98A /* GPTConsole.swift in Sources */ = {isa = PBXBuildFile; fileRef = EAF94D2C2A31A98F00A1B98A /* GPTConsole.swift */; };
		EAF94D2F2A31A9A800A1B98A /* TextView.swift in Sources */ = {isa = PBXBuildFile; fileRef = EAF94D2E2A31A9A800A1B98A /* TextView.swift */; };
		EAF94D322A31A9CA00A1B98A /* Utils.swift in Sources */ = {isa = PBXBuildFile; fileRef = EAF94D312A31A9CA00A1B98A /* Utils.swift */; };
		EAF94D342A31ABBF00A1B98A /* Color.swift in Sources */ = {isa = PBXBuildFile; fileRef = EAF94D332A31ABBF00A1B98A /* Color.swift */; };
		EAF94D362A31ABFB00A1B98A /* LoadingButton.swift in Sources */ = {isa = PBXBuildFile; fileRef = EAF94D352A31ABFB00A1B98A /* LoadingButton.swift */; };
		EAF94D382A31AE8200A1B98A /* ApiKeyView.swift in Sources */ = {isa = PBXBuildFile; fileRef = EAF94D372A31AE8200A1B98A /* ApiKeyView.swift */; };
		EAF94D3B2A31B1EA00A1B98A /* GPTConsoleCell.swift in Sources */ = {isa = PBXBuildFile; fileRef = EAF94D3A2A31B1EA00A1B98A /* GPTConsoleCell.swift */; };
		EAF94D3D2A31CB4E00A1B98A /* DocumentsView.swift in Sources */ = {isa = PBXBuildFile; fileRef = EAF94D3C2A31CB4E00A1B98A /* DocumentsView.swift */; };
		EAF94D3F2A31CCDC00A1B98A /* DocumentsStorage.swift in Sources */ = {isa = PBXBuildFile; fileRef = EAF94D3E2A31CCDC00A1B98A /* DocumentsStorage.swift */; };
		EAF94D6B2A332A6700A1B98A /* FileManager+ChatGPT.swift in Sources */ = {isa = PBXBuildFile; fileRef = EAF94D6A2A332A6700A1B98A /* FileManager+ChatGPT.swift */; };
/* End PBXBuildFile section */

/* Begin PBXFileReference section */
		EAF94D112A31A87100A1B98A /* ChatGPT.app */ = {isa = PBXFileReference; explicitFileType = wrapper.application; includeInIndex = 0; path = ChatGPT.app; sourceTree = BUILT_PRODUCTS_DIR; };
		EAF94D142A31A87100A1B98A /* ChatGPTApp.swift */ = {isa = PBXFileReference; lastKnownFileType = sourcecode.swift; path = ChatGPTApp.swift; sourceTree = "<group>"; };
		EAF94D162A31A87100A1B98A /* ContentView.swift */ = {isa = PBXFileReference; lastKnownFileType = sourcecode.swift; path = ContentView.swift; sourceTree = "<group>"; };
		EAF94D182A31A87200A1B98A /* Assets.xcassets */ = {isa = PBXFileReference; lastKnownFileType = folder.assetcatalog; path = Assets.xcassets; sourceTree = "<group>"; };
		EAF94D1B2A31A87200A1B98A /* Preview Assets.xcassets */ = {isa = PBXFileReference; lastKnownFileType = folder.assetcatalog; path = "Preview Assets.xcassets"; sourceTree = "<group>"; };
		EAF94D1D2A31A87200A1B98A /* ChatGPT.entitlements */ = {isa = PBXFileReference; lastKnownFileType = text.plist.entitlements; path = ChatGPT.entitlements; sourceTree = "<group>"; };
		EAF94D292A31A92C00A1B98A /* ConfigStorage.swift */ = {isa = PBXFileReference; lastKnownFileType = sourcecode.swift; path = ConfigStorage.swift; sourceTree = "<group>"; };
		EAF94D2C2A31A98F00A1B98A /* GPTConsole.swift */ = {isa = PBXFileReference; lastKnownFileType = sourcecode.swift; path = GPTConsole.swift; sourceTree = "<group>"; };
		EAF94D2E2A31A9A800A1B98A /* TextView.swift */ = {isa = PBXFileReference; fileEncoding = 4; lastKnownFileType = sourcecode.swift; path = TextView.swift; sourceTree = "<group>"; };
		EAF94D312A31A9CA00A1B98A /* Utils.swift */ = {isa = PBXFileReference; fileEncoding = 4; lastKnownFileType = sourcecode.swift; path = Utils.swift; sourceTree = "<group>"; };
		EAF94D332A31ABBF00A1B98A /* Color.swift */ = {isa = PBXFileReference; lastKnownFileType = sourcecode.swift; path = Color.swift; sourceTree = "<group>"; };
		EAF94D352A31ABFB00A1B98A /* LoadingButton.swift */ = {isa = PBXFileReference; lastKnownFileType = sourcecode.swift; path = LoadingButton.swift; sourceTree = "<group>"; };
		EAF94D372A31AE8200A1B98A /* ApiKeyView.swift */ = {isa = PBXFileReference; fileEncoding = 4; lastKnownFileType = sourcecode.swift; path = ApiKeyView.swift; sourceTree = "<group>"; };
		EAF94D3A2A31B1EA00A1B98A /* GPTConsoleCell.swift */ = {isa = PBXFileReference; lastKnownFileType = sourcecode.swift; path = GPTConsoleCell.swift; sourceTree = "<group>"; };
		EAF94D3C2A31CB4E00A1B98A /* DocumentsView.swift */ = {isa = PBXFileReference; lastKnownFileType = sourcecode.swift; path = DocumentsView.swift; sourceTree = "<group>"; };
		EAF94D3E2A31CCDC00A1B98A /* DocumentsStorage.swift */ = {isa = PBXFileReference; lastKnownFileType = sourcecode.swift; path = DocumentsStorage.swift; sourceTree = "<group>"; };
		EAF94D6A2A332A6700A1B98A /* FileManager+ChatGPT.swift */ = {isa = PBXFileReference; lastKnownFileType = sourcecode.swift; path = "FileManager+ChatGPT.swift"; sourceTree = "<group>"; };
/* End PBXFileReference section */

/* Begin PBXFrameworksBuildPhase section */
		EAF94D0E2A31A87100A1B98A /* Frameworks */ = {
			isa = PBXFrameworksBuildPhase;
			buildActionMask = 2147483647;
			files = (
				EAF94D272A31A8D100A1B98A /* SwiftchainOpenAI in Frameworks */,
				EAF94D252A31A8D100A1B98A /* Swiftchain in Frameworks */,
			);
			runOnlyForDeploymentPostprocessing = 0;
		};
/* End PBXFrameworksBuildPhase section */

/* Begin PBXGroup section */
		EAF94D082A31A87100A1B98A = {
			isa = PBXGroup;
			children = (
				EAF94D132A31A87100A1B98A /* ChatGPT */,
				EAF94D122A31A87100A1B98A /* Products */,
			);
			sourceTree = "<group>";
		};
		EAF94D122A31A87100A1B98A /* Products */ = {
			isa = PBXGroup;
			children = (
				EAF94D112A31A87100A1B98A /* ChatGPT.app */,
			);
			name = Products;
			sourceTree = "<group>";
		};
		EAF94D132A31A87100A1B98A /* ChatGPT */ = {
			isa = PBXGroup;
			children = (
				EAF94D302A31A9C100A1B98A /* Utils */,
				EAF94D2B2A31A98100A1B98A /* Views */,
				EAF94D282A31A92000A1B98A /* Storage */,
				EAF94D142A31A87100A1B98A /* ChatGPTApp.swift */,
				EAF94D182A31A87200A1B98A /* Assets.xcassets */,
				EAF94D1D2A31A87200A1B98A /* ChatGPT.entitlements */,
				EAF94D1A2A31A87200A1B98A /* Preview Content */,
			);
			path = ChatGPT;
			sourceTree = "<group>";
		};
		EAF94D1A2A31A87200A1B98A /* Preview Content */ = {
			isa = PBXGroup;
			children = (
				EAF94D1B2A31A87200A1B98A /* Preview Assets.xcassets */,
			);
			path = "Preview Content";
			sourceTree = "<group>";
		};
		EAF94D282A31A92000A1B98A /* Storage */ = {
			isa = PBXGroup;
			children = (
				EAF94D292A31A92C00A1B98A /* ConfigStorage.swift */,
				EAF94D3E2A31CCDC00A1B98A /* DocumentsStorage.swift */,
				EAF94D6A2A332A6700A1B98A /* FileManager+ChatGPT.swift */,
			);
			path = Storage;
			sourceTree = "<group>";
		};
		EAF94D2B2A31A98100A1B98A /* Views */ = {
			isa = PBXGroup;
			children = (
				EAF94D392A31B1DC00A1B98A /* GPTConsole */,
				EAF94D372A31AE8200A1B98A /* ApiKeyView.swift */,
				EAF94D162A31A87100A1B98A /* ContentView.swift */,
				EAF94D352A31ABFB00A1B98A /* LoadingButton.swift */,
			);
			path = Views;
			sourceTree = "<group>";
		};
		EAF94D302A31A9C100A1B98A /* Utils */ = {
			isa = PBXGroup;
			children = (
				EAF94D312A31A9CA00A1B98A /* Utils.swift */,
				EAF94D332A31ABBF00A1B98A /* Color.swift */,
			);
			path = Utils;
			sourceTree = "<group>";
		};
		EAF94D392A31B1DC00A1B98A /* GPTConsole */ = {
			isa = PBXGroup;
			children = (
				EAF94D2E2A31A9A800A1B98A /* TextView.swift */,
				EAF94D2C2A31A98F00A1B98A /* GPTConsole.swift */,
				EAF94D3A2A31B1EA00A1B98A /* GPTConsoleCell.swift */,
				EAF94D3C2A31CB4E00A1B98A /* DocumentsView.swift */,
			);
			path = GPTConsole;
			sourceTree = "<group>";
		};
/* End PBXGroup section */

/* Begin PBXNativeTarget section */
		EAF94D102A31A87100A1B98A /* ChatGPT */ = {
			isa = PBXNativeTarget;
			buildConfigurationList = EAF94D202A31A87200A1B98A /* Build configuration list for PBXNativeTarget "ChatGPT" */;
			buildPhases = (
				EAF94D0D2A31A87100A1B98A /* Sources */,
				EAF94D0E2A31A87100A1B98A /* Frameworks */,
				EAF94D0F2A31A87100A1B98A /* Resources */,
			);
			buildRules = (
			);
			dependencies = (
			);
			name = ChatGPT;
			packageProductDependencies = (
				EAF94D242A31A8D100A1B98A /* Swiftchain */,
				EAF94D262A31A8D100A1B98A /* SwiftchainOpenAI */,
			);
			productName = ChatGPT;
			productReference = EAF94D112A31A87100A1B98A /* ChatGPT.app */;
			productType = "com.apple.product-type.application";
		};
/* End PBXNativeTarget section */

/* Begin PBXProject section */
		EAF94D092A31A87100A1B98A /* Project object */ = {
			isa = PBXProject;
			attributes = {
				BuildIndependentTargetsInParallel = 1;
				LastSwiftUpdateCheck = 1430;
				LastUpgradeCheck = 1430;
				TargetAttributes = {
					EAF94D102A31A87100A1B98A = {
						CreatedOnToolsVersion = 14.3.1;
					};
				};
			};
			buildConfigurationList = EAF94D0C2A31A87100A1B98A /* Build configuration list for PBXProject "ChatGPT" */;
			compatibilityVersion = "Xcode 14.0";
			developmentRegion = en;
			hasScannedForEncodings = 0;
			knownRegions = (
				en,
				Base,
			);
			mainGroup = EAF94D082A31A87100A1B98A;
			packageReferences = (
				EAF94D232A31A8D100A1B98A /* XCRemoteSwiftPackageReference "Swiftchain" */,
			);
			productRefGroup = EAF94D122A31A87100A1B98A /* Products */;
			projectDirPath = "";
			projectRoot = "";
			targets = (
				EAF94D102A31A87100A1B98A /* ChatGPT */,
			);
		};
/* End PBXProject section */

/* Begin PBXResourcesBuildPhase section */
		EAF94D0F2A31A87100A1B98A /* Resources */ = {
			isa = PBXResourcesBuildPhase;
			buildActionMask = 2147483647;
			files = (
				EAF94D1C2A31A87200A1B98A /* Preview Assets.xcassets in Resources */,
				EAF94D192A31A87200A1B98A /* Assets.xcassets in Resources */,
			);
			runOnlyForDeploymentPostprocessing = 0;
		};
/* End PBXResourcesBuildPhase section */

/* Begin PBXSourcesBuildPhase section */
		EAF94D0D2A31A87100A1B98A /* Sources */ = {
			isa = PBXSourcesBuildPhase;
			buildActionMask = 2147483647;
			files = (
				EAF94D362A31ABFB00A1B98A /* LoadingButton.swift in Sources */,
				EAF94D382A31AE8200A1B98A /* ApiKeyView.swift in Sources */,
				EAF94D172A31A87100A1B98A /* ContentView.swift in Sources */,
				EAF94D2D2A31A98F00A1B98A /* GPTConsole.swift in Sources */,
				EAF94D3D2A31CB4E00A1B98A /* DocumentsView.swift in Sources */,
				EAF94D6B2A332A6700A1B98A /* FileManager+ChatGPT.swift in Sources */,
				EAF94D342A31ABBF00A1B98A /* Color.swift in Sources */,
				EAF94D3B2A31B1EA00A1B98A /* GPTConsoleCell.swift in Sources */,
				EAF94D2A2A31A92C00A1B98A /* ConfigStorage.swift in Sources */,
				EAF94D3F2A31CCDC00A1B98A /* DocumentsStorage.swift in Sources */,
				EAF94D152A31A87100A1B98A /* ChatGPTApp.swift in Sources */,
				EAF94D2F2A31A9A800A1B98A /* TextView.swift in Sources */,
				EAF94D322A31A9CA00A1B98A /* Utils.swift in Sources */,
			);
			runOnlyForDeploymentPostprocessing = 0;
		};
/* End PBXSourcesBuildPhase section */

/* Begin XCBuildConfiguration section */
		EAF94D1E2A31A87200A1B98A /* Debug */ = {
			isa = XCBuildConfiguration;
			buildSettings = {
				ALWAYS_SEARCH_USER_PATHS = NO;
				CLANG_ANALYZER_NONNULL = YES;
				CLANG_ANALYZER_NUMBER_OBJECT_CONVERSION = YES_AGGRESSIVE;
				CLANG_CXX_LANGUAGE_STANDARD = "gnu++20";
				CLANG_ENABLE_MODULES = YES;
				CLANG_ENABLE_OBJC_ARC = YES;
				CLANG_ENABLE_OBJC_WEAK = YES;
				CLANG_WARN_BLOCK_CAPTURE_AUTORELEASING = YES;
				CLANG_WARN_BOOL_CONVERSION = YES;
				CLANG_WARN_COMMA = YES;
				CLANG_WARN_CONSTANT_CONVERSION = YES;
				CLANG_WARN_DEPRECATED_OBJC_IMPLEMENTATIONS = YES;
				CLANG_WARN_DIRECT_OBJC_ISA_USAGE = YES_ERROR;
				CLANG_WARN_DOCUMENTATION_COMMENTS = YES;
				CLANG_WARN_EMPTY_BODY = YES;
				CLANG_WARN_ENUM_CONVERSION = YES;
				CLANG_WARN_INFINITE_RECURSION = YES;
				CLANG_WARN_INT_CONVERSION = YES;
				CLANG_WARN_NON_LITERAL_NULL_CONVERSION = YES;
				CLANG_WARN_OBJC_IMPLICIT_RETAIN_SELF = YES;
				CLANG_WARN_OBJC_LITERAL_CONVERSION = YES;
				CLANG_WARN_OBJC_ROOT_CLASS = YES_ERROR;
				CLANG_WARN_QUOTED_INCLUDE_IN_FRAMEWORK_HEADER = YES;
				CLANG_WARN_RANGE_LOOP_ANALYSIS = YES;
				CLANG_WARN_STRICT_PROTOTYPES = YES;
				CLANG_WARN_SUSPICIOUS_MOVE = YES;
				CLANG_WARN_UNGUARDED_AVAILABILITY = YES_AGGRESSIVE;
				CLANG_WARN_UNREACHABLE_CODE = YES;
				CLANG_WARN__DUPLICATE_METHOD_MATCH = YES;
				COPY_PHASE_STRIP = NO;
				DEBUG_INFORMATION_FORMAT = dwarf;
				ENABLE_STRICT_OBJC_MSGSEND = YES;
				ENABLE_TESTABILITY = YES;
				GCC_C_LANGUAGE_STANDARD = gnu11;
				GCC_DYNAMIC_NO_PIC = NO;
				GCC_NO_COMMON_BLOCKS = YES;
				GCC_OPTIMIZATION_LEVEL = 0;
				GCC_PREPROCESSOR_DEFINITIONS = (
					"DEBUG=1",
					"$(inherited)",
				);
				GCC_WARN_64_TO_32_BIT_CONVERSION = YES;
				GCC_WARN_ABOUT_RETURN_TYPE = YES_ERROR;
				GCC_WARN_UNDECLARED_SELECTOR = YES;
				GCC_WARN_UNINITIALIZED_AUTOS = YES_AGGRESSIVE;
				GCC_WARN_UNUSED_FUNCTION = YES;
				GCC_WARN_UNUSED_VARIABLE = YES;
				MACOSX_DEPLOYMENT_TARGET = 13.2;
				MTL_ENABLE_DEBUG_INFO = INCLUDE_SOURCE;
				MTL_FAST_MATH = YES;
				ONLY_ACTIVE_ARCH = YES;
				SDKROOT = macosx;
				SWIFT_ACTIVE_COMPILATION_CONDITIONS = DEBUG;
				SWIFT_OPTIMIZATION_LEVEL = "-Onone";
			};
			name = Debug;
		};
		EAF94D1F2A31A87200A1B98A /* Release */ = {
			isa = XCBuildConfiguration;
			buildSettings = {
				ALWAYS_SEARCH_USER_PATHS = NO;
				CLANG_ANALYZER_NONNULL = YES;
				CLANG_ANALYZER_NUMBER_OBJECT_CONVERSION = YES_AGGRESSIVE;
				CLANG_CXX_LANGUAGE_STANDARD = "gnu++20";
				CLANG_ENABLE_MODULES = YES;
				CLANG_ENABLE_OBJC_ARC = YES;
				CLANG_ENABLE_OBJC_WEAK = YES;
				CLANG_WARN_BLOCK_CAPTURE_AUTORELEASING = YES;
				CLANG_WARN_BOOL_CONVERSION = YES;
				CLANG_WARN_COMMA = YES;
				CLANG_WARN_CONSTANT_CONVERSION = YES;
				CLANG_WARN_DEPRECATED_OBJC_IMPLEMENTATIONS = YES;
				CLANG_WARN_DIRECT_OBJC_ISA_USAGE = YES_ERROR;
				CLANG_WARN_DOCUMENTATION_COMMENTS = YES;
				CLANG_WARN_EMPTY_BODY = YES;
				CLANG_WARN_ENUM_CONVERSION = YES;
				CLANG_WARN_INFINITE_RECURSION = YES;
				CLANG_WARN_INT_CONVERSION = YES;
				CLANG_WARN_NON_LITERAL_NULL_CONVERSION = YES;
				CLANG_WARN_OBJC_IMPLICIT_RETAIN_SELF = YES;
				CLANG_WARN_OBJC_LITERAL_CONVERSION = YES;
				CLANG_WARN_OBJC_ROOT_CLASS = YES_ERROR;
				CLANG_WARN_QUOTED_INCLUDE_IN_FRAMEWORK_HEADER = YES;
				CLANG_WARN_RANGE_LOOP_ANALYSIS = YES;
				CLANG_WARN_STRICT_PROTOTYPES = YES;
				CLANG_WARN_SUSPICIOUS_MOVE = YES;
				CLANG_WARN_UNGUARDED_AVAILABILITY = YES_AGGRESSIVE;
				CLANG_WARN_UNREACHABLE_CODE = YES;
				CLANG_WARN__DUPLICATE_METHOD_MATCH = YES;
				COPY_PHASE_STRIP = NO;
				DEBUG_INFORMATION_FORMAT = "dwarf-with-dsym";
				ENABLE_NS_ASSERTIONS = NO;
				ENABLE_STRICT_OBJC_MSGSEND = YES;
				GCC_C_LANGUAGE_STANDARD = gnu11;
				GCC_NO_COMMON_BLOCKS = YES;
				GCC_WARN_64_TO_32_BIT_CONVERSION = YES;
				GCC_WARN_ABOUT_RETURN_TYPE = YES_ERROR;
				GCC_WARN_UNDECLARED_SELECTOR = YES;
				GCC_WARN_UNINITIALIZED_AUTOS = YES_AGGRESSIVE;
				GCC_WARN_UNUSED_FUNCTION = YES;
				GCC_WARN_UNUSED_VARIABLE = YES;
				MACOSX_DEPLOYMENT_TARGET = 13.2;
				MTL_ENABLE_DEBUG_INFO = NO;
				MTL_FAST_MATH = YES;
				SDKROOT = macosx;
				SWIFT_COMPILATION_MODE = wholemodule;
				SWIFT_OPTIMIZATION_LEVEL = "-O";
			};
			name = Release;
		};
		EAF94D212A31A87200A1B98A /* Debug */ = {
			isa = XCBuildConfiguration;
			buildSettings = {
				ASSETCATALOG_COMPILER_APPICON_NAME = AppIcon;
				ASSETCATALOG_COMPILER_GLOBAL_ACCENT_COLOR_NAME = AccentColor;
				CODE_SIGN_ENTITLEMENTS = ChatGPT/ChatGPT.entitlements;
				CODE_SIGN_STYLE = Automatic;
				COMBINE_HIDPI_IMAGES = YES;
				CURRENT_PROJECT_VERSION = 1;
				DEVELOPMENT_ASSET_PATHS = "\"ChatGPT/Preview Content\"";
				DEVELOPMENT_TEAM = R8R49GQMU4;
				ENABLE_HARDENED_RUNTIME = YES;
				ENABLE_PREVIEWS = YES;
				GENERATE_INFOPLIST_FILE = YES;
				INFOPLIST_KEY_NSHumanReadableCopyright = "";
				LD_RUNPATH_SEARCH_PATHS = (
					"$(inherited)",
					"@executable_path/../Frameworks",
				);
				MARKETING_VERSION = 1.0;
				PRODUCT_BUNDLE_IDENTIFIER = com.tss.chatgpt.ChatGPT;
				PRODUCT_NAME = "$(TARGET_NAME)";
				SWIFT_EMIT_LOC_STRINGS = YES;
				SWIFT_VERSION = 5.0;
			};
			name = Debug;
		};
		EAF94D222A31A87200A1B98A /* Release */ = {
			isa = XCBuildConfiguration;
			buildSettings = {
				ASSETCATALOG_COMPILER_APPICON_NAME = AppIcon;
				ASSETCATALOG_COMPILER_GLOBAL_ACCENT_COLOR_NAME = AccentColor;
				CODE_SIGN_ENTITLEMENTS = ChatGPT/ChatGPT.entitlements;
				CODE_SIGN_STYLE = Automatic;
				COMBINE_HIDPI_IMAGES = YES;
				CURRENT_PROJECT_VERSION = 1;
				DEVELOPMENT_ASSET_PATHS = "\"ChatGPT/Preview Content\"";
				DEVELOPMENT_TEAM = R8R49GQMU4;
				ENABLE_HARDENED_RUNTIME = YES;
				ENABLE_PREVIEWS = YES;
				GENERATE_INFOPLIST_FILE = YES;
				INFOPLIST_KEY_NSHumanReadableCopyright = "";
				LD_RUNPATH_SEARCH_PATHS = (
					"$(inherited)",
					"@executable_path/../Frameworks",
				);
				MARKETING_VERSION = 1.0;
				PRODUCT_BUNDLE_IDENTIFIER = com.tss.chatgpt.ChatGPT;
				PRODUCT_NAME = "$(TARGET_NAME)";
				SWIFT_EMIT_LOC_STRINGS = YES;
				SWIFT_VERSION = 5.0;
			};
			name = Release;
		};
/* End XCBuildConfiguration section */

/* Begin XCConfigurationList section */
		EAF94D0C2A31A87100A1B98A /* Build configuration list for PBXProject "ChatGPT" */ = {
			isa = XCConfigurationList;
			buildConfigurations = (
				EAF94D1E2A31A87200A1B98A /* Debug */,
				EAF94D1F2A31A87200A1B98A /* Release */,
			);
			defaultConfigurationIsVisible = 0;
			defaultConfigurationName = Release;
		};
		EAF94D202A31A87200A1B98A /* Build configuration list for PBXNativeTarget "ChatGPT" */ = {
			isa = XCConfigurationList;
			buildConfigurations = (
				EAF94D212A31A87200A1B98A /* Debug */,
				EAF94D222A31A87200A1B98A /* Release */,
			);
			defaultConfigurationIsVisible = 0;
			defaultConfigurationName = Release;
		};
/* End XCConfigurationList section */

/* Begin XCRemoteSwiftPackageReference section */
		EAF94D232A31A8D100A1B98A /* XCRemoteSwiftPackageReference "Swiftchain" */ = {
			isa = XCRemoteSwiftPackageReference;
			repositoryURL = "https://github.com/seckmaster/Swiftchain";
			requirement = {
				branch = main;
				kind = branch;
			};
		};
/* End XCRemoteSwiftPackageReference section */

/* Begin XCSwiftPackageProductDependency section */
		EAF94D242A31A8D100A1B98A /* Swiftchain */ = {
			isa = XCSwiftPackageProductDependency;
			package = EAF94D232A31A8D100A1B98A /* XCRemoteSwiftPackageReference "Swiftchain" */;
			productName = Swiftchain;
		};
		EAF94D262A31A8D100A1B98A /* SwiftchainOpenAI */ = {
			isa = XCSwiftPackageProductDependency;
			package = EAF94D232A31A8D100A1B98A /* XCRemoteSwiftPackageReference "Swiftchain" */;
			productName = SwiftchainOpenAI;
		};
/* End XCSwiftPackageProductDependency section */
	};
	rootObject = EAF94D092A31A87100A1B98A /* Project object */;
}
